
Microsoft Visual Studio Solution File, Format Version 12.00
# Visual Studio 15
VisualStudioVersion = 15.0.26124.0
MinimumVisualStudioVersion = 15.0.26124.0
Project("{FAE04EC0-301F-11D3-BF4B-00C04F79EFBC}") = "Domain", "Domain\Domain.csproj", "{C33E36C2-9735-47C8-95FA-750900FF256A}"
EndProject
Project("{FAE04EC0-301F-11D3-BF4B-00C04F79EFBC}") = "Application", "Application\Application.csproj", "{D7871FD0-472A-4804-8AB4-925470F07DE1}"
EndProject
Project("{FAE04EC0-301F-11D3-BF4B-00C04F79EFBC}") = "Persistence", "Persistence\Persistence.csproj", "{9F964411-4E0F-4B07-88D5-BCE07A9EC0BB}"
EndProject
Project("{FAE04EC0-301F-11D3-BF4B-00C04F79EFBC}") = "API", "API\API.csproj", "{CA9E361D-4268-4344-8956-5D99E1BF83B2}"
EndProject
Global
	GlobalSection(SolutionConfigurationPlatforms) = preSolution
		Debug|Any CPU = Debug|Any CPU
		Debug|x64 = Debug|x64
		Debug|x86 = Debug|x86
		Release|Any CPU = Release|Any CPU
		Release|x64 = Release|x64
		Release|x86 = Release|x86
	EndGlobalSection
	GlobalSection(SolutionProperties) = preSolution
		HideSolutionNode = FALSE
	EndGlobalSection
	GlobalSection(ProjectConfigurationPlatforms) = postSolution
		{C33E36C2-9735-47C8-95FA-750900FF256A}.Debug|Any CPU.ActiveCfg = Debug|Any CPU
		{C33E36C2-9735-47C8-95FA-750900FF256A}.Debug|Any CPU.Build.0 = Debug|Any CPU
		{C33E36C2-9735-47C8-95FA-750900FF256A}.Debug|x64.ActiveCfg = Debug|Any CPU
		{C33E36C2-9735-47C8-95FA-750900FF256A}.Debug|x64.Build.0 = Debug|Any CPU
		{C33E36C2-9735-47C8-95FA-750900FF256A}.Debug|x86.ActiveCfg = Debug|Any CPU
		{C33E36C2-9735-47C8-95FA-750900FF256A}.Debug|x86.Build.0 = Debug|Any CPU
		{C33E36C2-9735-47C8-95FA-750900FF256A}.Release|Any CPU.ActiveCfg = Release|Any CPU
		{C33E36C2-9735-47C8-95FA-750900FF256A}.Release|Any CPU.Build.0 = Release|Any CPU
		{C33E36C2-9735-47C8-95FA-750900FF256A}.Release|x64.ActiveCfg = Release|Any CPU
		{C33E36C2-9735-47C8-95FA-750900FF256A}.Release|x64.Build.0 = Release|Any CPU
		{C33E36C2-9735-47C8-95FA-750900FF256A}.Release|x86.ActiveCfg = Release|Any CPU
		{C33E36C2-9735-47C8-95FA-750900FF256A}.Release|x86.Build.0 = Release|Any CPU
		{D7871FD0-472A-4804-8AB4-925470F07DE1}.Debug|Any CPU.ActiveCfg = Debug|Any CPU
		{D7871FD0-472A-4804-8AB4-925470F07DE1}.Debug|Any CPU.Build.0 = Debug|Any CPU
		{D7871FD0-472A-4804-8AB4-925470F07DE1}.Debug|x64.ActiveCfg = Debug|Any CPU
		{D7871FD0-472A-4804-8AB4-925470F07DE1}.Debug|x64.Build.0 = Debug|Any CPU
		{D7871FD0-472A-4804-8AB4-925470F07DE1}.Debug|x86.ActiveCfg = Debug|Any CPU
		{D7871FD0-472A-4804-8AB4-925470F07DE1}.Debug|x86.Build.0 = Debug|Any CPU
		{D7871FD0-472A-4804-8AB4-925470F07DE1}.Release|Any CPU.ActiveCfg = Release|Any CPU
		{D7871FD0-472A-4804-8AB4-925470F07DE1}.Release|Any CPU.Build.0 = Release|Any CPU
		{D7871FD0-472A-4804-8AB4-925470F07DE1}.Release|x64.ActiveCfg = Release|Any CPU
		{D7871FD0-472A-4804-8AB4-925470F07DE1}.Release|x64.Build.0 = Release|Any CPU
		{D7871FD0-472A-4804-8AB4-925470F07DE1}.Release|x86.ActiveCfg = Release|Any CPU
		{D7871FD0-472A-4804-8AB4-925470F07DE1}.Release|x86.Build.0 = Release|Any CPU
		{9F964411-4E0F-4B07-88D5-BCE07A9EC0BB}.Debug|Any CPU.ActiveCfg = Debug|Any CPU
		{9F964411-4E0F-4B07-88D5-BCE07A9EC0BB}.Debug|Any CPU.Build.0 = Debug|Any CPU
		{9F964411-4E0F-4B07-88D5-BCE07A9EC0BB}.Debug|x64.ActiveCfg = Debug|Any CPU
		{9F964411-4E0F-4B07-88D5-BCE07A9EC0BB}.Debug|x64.Build.0 = Debug|Any CPU
		{9F964411-4E0F-4B07-88D5-BCE07A9EC0BB}.Debug|x86.ActiveCfg = Debug|Any CPU
		{9F964411-4E0F-4B07-88D5-BCE07A9EC0BB}.Debug|x86.Build.0 = Debug|Any CPU
		{9F964411-4E0F-4B07-88D5-BCE07A9EC0BB}.Release|Any CPU.ActiveCfg = Release|Any CPU
		{9F964411-4E0F-4B07-88D5-BCE07A9EC0BB}.Release|Any CPU.Build.0 = Release|Any CPU
		{9F964411-4E0F-4B07-88D5-BCE07A9EC0BB}.Release|x64.ActiveCfg = Release|Any CPU
		{9F964411-4E0F-4B07-88D5-BCE07A9EC0BB}.Release|x64.Build.0 = Release|Any CPU
		{9F964411-4E0F-4B07-88D5-BCE07A9EC0BB}.Release|x86.ActiveCfg = Release|Any CPU
		{9F964411-4E0F-4B07-88D5-BCE07A9EC0BB}.Release|x86.Build.0 = Release|Any CPU
		{CA9E361D-4268-4344-8956-5D99E1BF83B2}.Debug|Any CPU.ActiveCfg = Debug|Any CPU
		{CA9E361D-4268-4344-8956-5D99E1BF83B2}.Debug|Any CPU.Build.0 = Debug|Any CPU
		{CA9E361D-4268-4344-8956-5D99E1BF83B2}.Debug|x64.ActiveCfg = Debug|Any CPU
		{CA9E361D-4268-4344-8956-5D99E1BF83B2}.Debug|x64.Build.0 = Debug|Any CPU
		{CA9E361D-4268-4344-8956-5D99E1BF83B2}.Debug|x86.ActiveCfg = Debug|Any CPU
		{CA9E361D-4268-4344-8956-5D99E1BF83B2}.Debug|x86.Build.0 = Debug|Any CPU
		{CA9E361D-4268-4344-8956-5D99E1BF83B2}.Release|Any CPU.ActiveCfg = Release|Any CPU
		{CA9E361D-4268-4344-8956-5D99E1BF83B2}.Release|Any CPU.Build.0 = Release|Any CPU
		{CA9E361D-4268-4344-8956-5D99E1BF83B2}.Release|x64.ActiveCfg = Release|Any CPU
		{CA9E361D-4268-4344-8956-5D99E1BF83B2}.Release|x64.Build.0 = Release|Any CPU
		{CA9E361D-4268-4344-8956-5D99E1BF83B2}.Release|x86.ActiveCfg = Release|Any CPU
		{CA9E361D-4268-4344-8956-5D99E1BF83B2}.Release|x86.Build.0 = Release|Any CPU
	EndGlobalSection
EndGlobal
